
Microsoft Visual Studio Solution File, Format Version 12.00
# Visual Studio Version 17
VisualStudioVersion = 17.6.33606.364
MinimumVisualStudioVersion = 10.0.40219.1
Project("{2150E333-8FDC-42A3-9474-1A3956D46DE8}") = "Services", "Services", "{86BC2C5C-C8EC-4EC9-9D20-8060C26591F4}"
EndProject
Project("{2150E333-8FDC-42A3-9474-1A3956D46DE8}") = "Identity", "Identity", "{99DDC245-6254-487E-AADE-62091EB4282E}"
EndProject
Project("{2150E333-8FDC-42A3-9474-1A3956D46DE8}") = "Identity.Api", "Identity.Api", "{E4E399B4-3FA8-4811-ADBC-F58C9322D775}"
EndProject
Project("{2150E333-8FDC-42A3-9474-1A3956D46DE8}") = "Identity.Application", "Identity.Application", "{00D37F9E-276F-48A5-AB39-CDA057B900C1}"
EndProject
Project("{2150E333-8FDC-42A3-9474-1A3956D46DE8}") = "Identity.Data", "Identity.Data", "{C292BD35-EC8E-4E59-9CAE-4C0D103BF8B0}"
EndProject
Project("{2150E333-8FDC-42A3-9474-1A3956D46DE8}") = "Identity.Repositories", "Identity.Repositories", "{11D27B10-9370-4F40-A06E-264A0F2FD1D5}"
EndProject
Project("{9A19103F-16F7-4668-BE54-9A1E7A4F7556}") = "Identity.Api", "Services\Identity\Identity.Api\Identity.Api.csproj", "{609AA4BF-A6D4-407F-B22A-259DF9DEED0C}"
EndProject
Project("{9A19103F-16F7-4668-BE54-9A1E7A4F7556}") = "Identity.Application", "Services\Identity\Identity.Application\Identity.Application.csproj", "{A580C4F2-334C-4FC3-93F2-0D28718919E2}"
EndProject
Project("{9A19103F-16F7-4668-BE54-9A1E7A4F7556}") = "Identity.Data", "Services\Identity\Identity.Data\Identity.Data.csproj", "{DB3E4226-ED32-4D7E-A8D6-339E4FCB22D1}"
EndProject
Project("{9A19103F-16F7-4668-BE54-9A1E7A4F7556}") = "Identity.Repositories", "Services\Identity\Identity.Repositories\Identity.Repositories.csproj", "{7A62A52E-8AF0-4E02-8ED8-2786B740AE0B}"
EndProject
Project("{2150E333-8FDC-42A3-9474-1A3956D46DE8}") = "Catalog", "Catalog", "{1B8E9B95-ABB8-4825-860C-DE7E71793EF0}"
EndProject
Project("{2150E333-8FDC-42A3-9474-1A3956D46DE8}") = "Catalog.Api", "Catalog.Api", "{AB15ECFA-DCF2-4183-988F-1AA84DD7C5BA}"
EndProject
Project("{9A19103F-16F7-4668-BE54-9A1E7A4F7556}") = "Catalog.API", "Services\Catalog\Catalog.API\Catalog.API.csproj", "{1D614A22-43BF-41F0-A3AF-25D143F416A8}"
EndProject
Project("{2150E333-8FDC-42A3-9474-1A3956D46DE8}") = "GeneralBlocks", "GeneralBlocks", "{3B335F89-B6AC-4392-B1DD-40E6AE1A55DF}"
EndProject
Project("{2150E333-8FDC-42A3-9474-1A3956D46DE8}") = "Common.Logging", "Common.Logging", "{83F60AC9-9096-438A-956F-01DBE6B30A44}"
EndProject
Project("{2150E333-8FDC-42A3-9474-1A3956D46DE8}") = "EventBus.Messages", "EventBus.Messages", "{14C11F2F-FAAF-410E-B5C9-00CF08D2DB1B}"
EndProject
Project("{9A19103F-16F7-4668-BE54-9A1E7A4F7556}") = "Common.Logging", "GeneralBlocks\Common.Logging\Common.Logging.csproj", "{D817A509-2867-491C-A936-89281AF36BFF}"
EndProject
Project("{9A19103F-16F7-4668-BE54-9A1E7A4F7556}") = "EventBus.Messages", "GeneralBlocks\EventBus.Messages\EventBus.Messages.csproj", "{6F98ECAB-CD37-4EB8-AC66-1485C15EB14C}"
EndProject
Project("{2150E333-8FDC-42A3-9474-1A3956D46DE8}") = "Solution Items", "Solution Items", "{E5E1461F-837D-482E-92BF-329B1BAFDC60}"
	ProjectSection(SolutionItems) = preProject
		docker-compose.override.yml = docker-compose.override.yml
		docker-compose.yml = docker-compose.yml
	EndProjectSection
EndProject
Project("{2150E333-8FDC-42A3-9474-1A3956D46DE8}") = "Discount", "Discount", "{E165D2B7-318A-47EF-B033-285DCF379DDC}"
EndProject
Project("{2150E333-8FDC-42A3-9474-1A3956D46DE8}") = "Discount.API", "Discount.API", "{174EF924-9D1C-4A5C-AFC9-EF23574A881C}"
EndProject
Project("{2150E333-8FDC-42A3-9474-1A3956D46DE8}") = "Discount.Grpc", "Discount.Grpc", "{AB9F5A63-E7C2-4EF8-A67A-36AD3B361E3D}"
EndProject
Project("{9A19103F-16F7-4668-BE54-9A1E7A4F7556}") = "Discount.API", "Services\Discount\Discount.API\Discount.API.csproj", "{8E1A15DB-3E50-4F42-93FF-8C7E8483E888}"
EndProject
Project("{9A19103F-16F7-4668-BE54-9A1E7A4F7556}") = "Discount.Grpc", "Services\Discount\Discount.Grpc\Discount.Grpc.csproj", "{AAD71884-14B0-4488-A4C9-743B20AAE41D}"
EndProject
Project("{2150E333-8FDC-42A3-9474-1A3956D46DE8}") = "Ordering", "Ordering", "{F93BB4C5-AD8C-4BF8-8EAC-BE60A25B2F6E}"
EndProject
Project("{2150E333-8FDC-42A3-9474-1A3956D46DE8}") = "Ordering.Application", "Ordering.Application", "{8A110789-8809-4151-8DD1-12E80FD56356}"
EndProject
Project("{2150E333-8FDC-42A3-9474-1A3956D46DE8}") = "Ordering.Domain", "Ordering.Domain", "{48A7B313-449B-4AF2-BFED-D5E6E597B8EB}"
EndProject
Project("{2150E333-8FDC-42A3-9474-1A3956D46DE8}") = "Ordering.Infrastructure", "Ordering.Infrastructure", "{313DE1B1-0441-4816-A8C0-DEF46B7B111A}"
EndProject
Project("{9A19103F-16F7-4668-BE54-9A1E7A4F7556}") = "Ordering.Application", "Services\Ordering\Ordering.Application\Ordering.Application.csproj", "{44F69621-5977-473C-B8CC-9EDB5BDA608E}"
EndProject
Project("{9A19103F-16F7-4668-BE54-9A1E7A4F7556}") = "Ordering.Domain", "Services\Ordering\Ordering.Domain\Ordering.Domain.csproj", "{D9B71B08-B0C1-4F0B-9DAC-B8A839AC1C02}"
EndProject
Project("{9A19103F-16F7-4668-BE54-9A1E7A4F7556}") = "Ordering.Infrastructure", "Services\Ordering\Ordering.Infrastructure\Ordering.Infrastructure.csproj", "{1AFEC480-5A10-4871-9B7B-62A8D7D14E44}"
EndProject
Project("{2150E333-8FDC-42A3-9474-1A3956D46DE8}") = "Ordering.API", "Ordering.API", "{A138FA48-423A-4AEB-8382-40DBF52303DA}"
EndProject
Project("{9A19103F-16F7-4668-BE54-9A1E7A4F7556}") = "Ordering.API", "Services\Ordering\Ordering.API\Ordering.API.csproj", "{5C16506B-5535-4172-A1C0-8B6EA0A31DEB}"
EndProject
Project("{2150E333-8FDC-42A3-9474-1A3956D46DE8}") = "Basket", "Basket", "{446B3F68-B9BD-483E-AE54-CD058ACF3E5D}"
EndProject
Project("{2150E333-8FDC-42A3-9474-1A3956D46DE8}") = "Basket.API", "Basket.API", "{6419A457-F6E7-4012-B5EF-C0A14E3A8DBC}"
EndProject
Project("{9A19103F-16F7-4668-BE54-9A1E7A4F7556}") = "Basket.API", "Services\Basket\Basket.API\Basket.API.csproj", "{3DA6B541-2F16-4BB6-8216-E369AACAD810}"
EndProject
Global
	GlobalSection(SolutionConfigurationPlatforms) = preSolution
		Debug|Any CPU = Debug|Any CPU
		Release|Any CPU = Release|Any CPU
	EndGlobalSection
	GlobalSection(ProjectConfigurationPlatforms) = postSolution
		{609AA4BF-A6D4-407F-B22A-259DF9DEED0C}.Debug|Any CPU.ActiveCfg = Debug|Any CPU
		{609AA4BF-A6D4-407F-B22A-259DF9DEED0C}.Debug|Any CPU.Build.0 = Debug|Any CPU
		{609AA4BF-A6D4-407F-B22A-259DF9DEED0C}.Release|Any CPU.ActiveCfg = Release|Any CPU
		{609AA4BF-A6D4-407F-B22A-259DF9DEED0C}.Release|Any CPU.Build.0 = Release|Any CPU
		{A580C4F2-334C-4FC3-93F2-0D28718919E2}.Debug|Any CPU.ActiveCfg = Debug|Any CPU
		{A580C4F2-334C-4FC3-93F2-0D28718919E2}.Debug|Any CPU.Build.0 = Debug|Any CPU
		{A580C4F2-334C-4FC3-93F2-0D28718919E2}.Release|Any CPU.ActiveCfg = Release|Any CPU
		{A580C4F2-334C-4FC3-93F2-0D28718919E2}.Release|Any CPU.Build.0 = Release|Any CPU
		{DB3E4226-ED32-4D7E-A8D6-339E4FCB22D1}.Debug|Any CPU.ActiveCfg = Debug|Any CPU
		{DB3E4226-ED32-4D7E-A8D6-339E4FCB22D1}.Debug|Any CPU.Build.0 = Debug|Any CPU
		{DB3E4226-ED32-4D7E-A8D6-339E4FCB22D1}.Release|Any CPU.ActiveCfg = Release|Any CPU
		{DB3E4226-ED32-4D7E-A8D6-339E4FCB22D1}.Release|Any CPU.Build.0 = Release|Any CPU
		{7A62A52E-8AF0-4E02-8ED8-2786B740AE0B}.Debug|Any CPU.ActiveCfg = Debug|Any CPU
		{7A62A52E-8AF0-4E02-8ED8-2786B740AE0B}.Debug|Any CPU.Build.0 = Debug|Any CPU
		{7A62A52E-8AF0-4E02-8ED8-2786B740AE0B}.Release|Any CPU.ActiveCfg = Release|Any CPU
		{7A62A52E-8AF0-4E02-8ED8-2786B740AE0B}.Release|Any CPU.Build.0 = Release|Any CPU
		{1D614A22-43BF-41F0-A3AF-25D143F416A8}.Debug|Any CPU.ActiveCfg = Debug|Any CPU
		{1D614A22-43BF-41F0-A3AF-25D143F416A8}.Debug|Any CPU.Build.0 = Debug|Any CPU
		{1D614A22-43BF-41F0-A3AF-25D143F416A8}.Release|Any CPU.ActiveCfg = Release|Any CPU
		{1D614A22-43BF-41F0-A3AF-25D143F416A8}.Release|Any CPU.Build.0 = Release|Any CPU
		{D817A509-2867-491C-A936-89281AF36BFF}.Debug|Any CPU.ActiveCfg = Debug|Any CPU
		{D817A509-2867-491C-A936-89281AF36BFF}.Debug|Any CPU.Build.0 = Debug|Any CPU
		{D817A509-2867-491C-A936-89281AF36BFF}.Release|Any CPU.ActiveCfg = Release|Any CPU
		{D817A509-2867-491C-A936-89281AF36BFF}.Release|Any CPU.Build.0 = Release|Any CPU
		{6F98ECAB-CD37-4EB8-AC66-1485C15EB14C}.Debug|Any CPU.ActiveCfg = Debug|Any CPU
		{6F98ECAB-CD37-4EB8-AC66-1485C15EB14C}.Debug|Any CPU.Build.0 = Debug|Any CPU
		{6F98ECAB-CD37-4EB8-AC66-1485C15EB14C}.Release|Any CPU.ActiveCfg = Release|Any CPU
		{6F98ECAB-CD37-4EB8-AC66-1485C15EB14C}.Release|Any CPU.Build.0 = Release|Any CPU
		{8E1A15DB-3E50-4F42-93FF-8C7E8483E888}.Debug|Any CPU.ActiveCfg = Debug|Any CPU
		{8E1A15DB-3E50-4F42-93FF-8C7E8483E888}.Debug|Any CPU.Build.0 = Debug|Any CPU
		{8E1A15DB-3E50-4F42-93FF-8C7E8483E888}.Release|Any CPU.ActiveCfg = Release|Any CPU
		{8E1A15DB-3E50-4F42-93FF-8C7E8483E888}.Release|Any CPU.Build.0 = Release|Any CPU
		{AAD71884-14B0-4488-A4C9-743B20AAE41D}.Debug|Any CPU.ActiveCfg = Debug|Any CPU
		{AAD71884-14B0-4488-A4C9-743B20AAE41D}.Debug|Any CPU.Build.0 = Debug|Any CPU
		{AAD71884-14B0-4488-A4C9-743B20AAE41D}.Release|Any CPU.ActiveCfg = Release|Any CPU
		{AAD71884-14B0-4488-A4C9-743B20AAE41D}.Release|Any CPU.Build.0 = Release|Any CPU
		{44F69621-5977-473C-B8CC-9EDB5BDA608E}.Debug|Any CPU.ActiveCfg = Debug|Any CPU
		{44F69621-5977-473C-B8CC-9EDB5BDA608E}.Debug|Any CPU.Build.0 = Debug|Any CPU
		{44F69621-5977-473C-B8CC-9EDB5BDA608E}.Release|Any CPU.ActiveCfg = Release|Any CPU
		{44F69621-5977-473C-B8CC-9EDB5BDA608E}.Release|Any CPU.Build.0 = Release|Any CPU
		{D9B71B08-B0C1-4F0B-9DAC-B8A839AC1C02}.Debug|Any CPU.ActiveCfg = Debug|Any CPU
		{D9B71B08-B0C1-4F0B-9DAC-B8A839AC1C02}.Debug|Any CPU.Build.0 = Debug|Any CPU
		{D9B71B08-B0C1-4F0B-9DAC-B8A839AC1C02}.Release|Any CPU.ActiveCfg = Release|Any CPU
		{D9B71B08-B0C1-4F0B-9DAC-B8A839AC1C02}.Release|Any CPU.Build.0 = Release|Any CPU
		{1AFEC480-5A10-4871-9B7B-62A8D7D14E44}.Debug|Any CPU.ActiveCfg = Debug|Any CPU
		{1AFEC480-5A10-4871-9B7B-62A8D7D14E44}.Debug|Any CPU.Build.0 = Debug|Any CPU
		{1AFEC480-5A10-4871-9B7B-62A8D7D14E44}.Release|Any CPU.ActiveCfg = Release|Any CPU
		{1AFEC480-5A10-4871-9B7B-62A8D7D14E44}.Release|Any CPU.Build.0 = Release|Any CPU
		{5C16506B-5535-4172-A1C0-8B6EA0A31DEB}.Debug|Any CPU.ActiveCfg = Debug|Any CPU
		{5C16506B-5535-4172-A1C0-8B6EA0A31DEB}.Debug|Any CPU.Build.0 = Debug|Any CPU
		{5C16506B-5535-4172-A1C0-8B6EA0A31DEB}.Release|Any CPU.ActiveCfg = Release|Any CPU
		{5C16506B-5535-4172-A1C0-8B6EA0A31DEB}.Release|Any CPU.Build.0 = Release|Any CPU
		{3DA6B541-2F16-4BB6-8216-E369AACAD810}.Debug|Any CPU.ActiveCfg = Debug|Any CPU
		{3DA6B541-2F16-4BB6-8216-E369AACAD810}.Debug|Any CPU.Build.0 = Debug|Any CPU
		{3DA6B541-2F16-4BB6-8216-E369AACAD810}.Release|Any CPU.ActiveCfg = Release|Any CPU
		{3DA6B541-2F16-4BB6-8216-E369AACAD810}.Release|Any CPU.Build.0 = Release|Any CPU
	EndGlobalSection
	GlobalSection(SolutionProperties) = preSolution
		HideSolutionNode = FALSE
	EndGlobalSection
	GlobalSection(NestedProjects) = preSolution
		{99DDC245-6254-487E-AADE-62091EB4282E} = {86BC2C5C-C8EC-4EC9-9D20-8060C26591F4}
		{E4E399B4-3FA8-4811-ADBC-F58C9322D775} = {99DDC245-6254-487E-AADE-62091EB4282E}
		{00D37F9E-276F-48A5-AB39-CDA057B900C1} = {99DDC245-6254-487E-AADE-62091EB4282E}
		{C292BD35-EC8E-4E59-9CAE-4C0D103BF8B0} = {99DDC245-6254-487E-AADE-62091EB4282E}
		{11D27B10-9370-4F40-A06E-264A0F2FD1D5} = {99DDC245-6254-487E-AADE-62091EB4282E}
		{609AA4BF-A6D4-407F-B22A-259DF9DEED0C} = {E4E399B4-3FA8-4811-ADBC-F58C9322D775}
		{A580C4F2-334C-4FC3-93F2-0D28718919E2} = {00D37F9E-276F-48A5-AB39-CDA057B900C1}
		{DB3E4226-ED32-4D7E-A8D6-339E4FCB22D1} = {C292BD35-EC8E-4E59-9CAE-4C0D103BF8B0}
		{7A62A52E-8AF0-4E02-8ED8-2786B740AE0B} = {11D27B10-9370-4F40-A06E-264A0F2FD1D5}
		{1B8E9B95-ABB8-4825-860C-DE7E71793EF0} = {86BC2C5C-C8EC-4EC9-9D20-8060C26591F4}
		{AB15ECFA-DCF2-4183-988F-1AA84DD7C5BA} = {1B8E9B95-ABB8-4825-860C-DE7E71793EF0}
		{1D614A22-43BF-41F0-A3AF-25D143F416A8} = {AB15ECFA-DCF2-4183-988F-1AA84DD7C5BA}
		{83F60AC9-9096-438A-956F-01DBE6B30A44} = {3B335F89-B6AC-4392-B1DD-40E6AE1A55DF}
		{14C11F2F-FAAF-410E-B5C9-00CF08D2DB1B} = {3B335F89-B6AC-4392-B1DD-40E6AE1A55DF}
		{D817A509-2867-491C-A936-89281AF36BFF} = {83F60AC9-9096-438A-956F-01DBE6B30A44}
		{6F98ECAB-CD37-4EB8-AC66-1485C15EB14C} = {14C11F2F-FAAF-410E-B5C9-00CF08D2DB1B}
		{E165D2B7-318A-47EF-B033-285DCF379DDC} = {86BC2C5C-C8EC-4EC9-9D20-8060C26591F4}
		{174EF924-9D1C-4A5C-AFC9-EF23574A881C} = {E165D2B7-318A-47EF-B033-285DCF379DDC}
		{AB9F5A63-E7C2-4EF8-A67A-36AD3B361E3D} = {E165D2B7-318A-47EF-B033-285DCF379DDC}
		{8E1A15DB-3E50-4F42-93FF-8C7E8483E888} = {174EF924-9D1C-4A5C-AFC9-EF23574A881C}
		{AAD71884-14B0-4488-A4C9-743B20AAE41D} = {AB9F5A63-E7C2-4EF8-A67A-36AD3B361E3D}
		{F93BB4C5-AD8C-4BF8-8EAC-BE60A25B2F6E} = {86BC2C5C-C8EC-4EC9-9D20-8060C26591F4}
		{8A110789-8809-4151-8DD1-12E80FD56356} = {F93BB4C5-AD8C-4BF8-8EAC-BE60A25B2F6E}
		{48A7B313-449B-4AF2-BFED-D5E6E597B8EB} = {F93BB4C5-AD8C-4BF8-8EAC-BE60A25B2F6E}
		{313DE1B1-0441-4816-A8C0-DEF46B7B111A} = {F93BB4C5-AD8C-4BF8-8EAC-BE60A25B2F6E}
		{44F69621-5977-473C-B8CC-9EDB5BDA608E} = {8A110789-8809-4151-8DD1-12E80FD56356}
		{D9B71B08-B0C1-4F0B-9DAC-B8A839AC1C02} = {48A7B313-449B-4AF2-BFED-D5E6E597B8EB}
		{1AFEC480-5A10-4871-9B7B-62A8D7D14E44} = {313DE1B1-0441-4816-A8C0-DEF46B7B111A}
		{A138FA48-423A-4AEB-8382-40DBF52303DA} = {F93BB4C5-AD8C-4BF8-8EAC-BE60A25B2F6E}
		{5C16506B-5535-4172-A1C0-8B6EA0A31DEB} = {A138FA48-423A-4AEB-8382-40DBF52303DA}
		{446B3F68-B9BD-483E-AE54-CD058ACF3E5D} = {86BC2C5C-C8EC-4EC9-9D20-8060C26591F4}
		{6419A457-F6E7-4012-B5EF-C0A14E3A8DBC} = {446B3F68-B9BD-483E-AE54-CD058ACF3E5D}
		{3DA6B541-2F16-4BB6-8216-E369AACAD810} = {6419A457-F6E7-4012-B5EF-C0A14E3A8DBC}
	EndGlobalSection
	GlobalSection(ExtensibilityGlobals) = postSolution
		SolutionGuid = {75992498-264C-4D62-A553-1EE31B11D970}
	EndGlobalSection
EndGlobal
